// !$*UTF8*$!
{
	archiveVersion = 1;
	classes = {
	};
	objectVersion = 50;
	objects = {

/* Begin PBXBuildFile section */
		3C2B9BB0CBBAE31862BB4F9F /* Pods_ToDoey.framework in Frameworks */ = {isa = PBXBuildFile; fileRef = 3FCCFA643C2CF77AB95A193A /* Pods_ToDoey.framework */; };
		457471DC2173255F00FFFD44 /* AppDelegate.swift in Sources */ = {isa = PBXBuildFile; fileRef = 457471DB2173255F00FFFD44 /* AppDelegate.swift */; };
		457471DE2173255F00FFFD44 /* ToDoListViewController.swift in Sources */ = {isa = PBXBuildFile; fileRef = 457471DD2173255F00FFFD44 /* ToDoListViewController.swift */; };
		457471E12173255F00FFFD44 /* Main.storyboard in Resources */ = {isa = PBXBuildFile; fileRef = 457471DF2173255F00FFFD44 /* Main.storyboard */; };
		457471E32173256200FFFD44 /* Assets.xcassets in Resources */ = {isa = PBXBuildFile; fileRef = 457471E22173256200FFFD44 /* Assets.xcassets */; };
		457471E62173256200FFFD44 /* LaunchScreen.storyboard in Resources */ = {isa = PBXBuildFile; fileRef = 457471E42173256200FFFD44 /* LaunchScreen.storyboard */; };
		45D8B2BC217776D4007FE242 /* CategoryViewController.swift in Sources */ = {isa = PBXBuildFile; fileRef = 45D8B2BB217776D4007FE242 /* CategoryViewController.swift */; };
		45D8B2C02177CE2F007FE242 /* Item.swift in Sources */ = {isa = PBXBuildFile; fileRef = 45D8B2BF2177CE2F007FE242 /* Item.swift */; };
		45D8B2C22177CE97007FE242 /* Category.swift in Sources */ = {isa = PBXBuildFile; fileRef = 45D8B2C12177CE97007FE242 /* Category.swift */; };
/* End PBXBuildFile section */

/* Begin PBXFileReference section */
		3FCCFA643C2CF77AB95A193A /* Pods_ToDoey.framework */ = {isa = PBXFileReference; explicitFileType = wrapper.framework; includeInIndex = 0; path = Pods_ToDoey.framework; sourceTree = BUILT_PRODUCTS_DIR; };
		457471D82173255F00FFFD44 /* ToDoey.app */ = {isa = PBXFileReference; explicitFileType = wrapper.application; includeInIndex = 0; path = ToDoey.app; sourceTree = BUILT_PRODUCTS_DIR; };
		457471DB2173255F00FFFD44 /* AppDelegate.swift */ = {isa = PBXFileReference; lastKnownFileType = sourcecode.swift; path = AppDelegate.swift; sourceTree = "<group>"; };
		457471DD2173255F00FFFD44 /* ToDoListViewController.swift */ = {isa = PBXFileReference; lastKnownFileType = sourcecode.swift; path = ToDoListViewController.swift; sourceTree = "<group>"; };
		457471E02173255F00FFFD44 /* Base */ = {isa = PBXFileReference; lastKnownFileType = file.storyboard; name = Base; path = Base.lproj/Main.storyboard; sourceTree = "<group>"; };
		457471E22173256200FFFD44 /* Assets.xcassets */ = {isa = PBXFileReference; lastKnownFileType = folder.assetcatalog; path = Assets.xcassets; sourceTree = "<group>"; };
		457471E52173256200FFFD44 /* Base */ = {isa = PBXFileReference; lastKnownFileType = file.storyboard; name = Base; path = Base.lproj/LaunchScreen.storyboard; sourceTree = "<group>"; };
		457471E72173256200FFFD44 /* Info.plist */ = {isa = PBXFileReference; lastKnownFileType = text.plist.xml; path = Info.plist; sourceTree = "<group>"; };
		45D8B2BB217776D4007FE242 /* CategoryViewController.swift */ = {isa = PBXFileReference; lastKnownFileType = sourcecode.swift; path = CategoryViewController.swift; sourceTree = "<group>"; };
		45D8B2BF2177CE2F007FE242 /* Item.swift */ = {isa = PBXFileReference; lastKnownFileType = sourcecode.swift; path = Item.swift; sourceTree = "<group>"; };
		45D8B2C12177CE97007FE242 /* Category.swift */ = {isa = PBXFileReference; lastKnownFileType = sourcecode.swift; path = Category.swift; sourceTree = "<group>"; };
		AB31C30DDE3310F51F76B4D9 /* Pods-ToDoey.release.xcconfig */ = {isa = PBXFileReference; includeInIndex = 1; lastKnownFileType = text.xcconfig; name = "Pods-ToDoey.release.xcconfig"; path = "Pods/Target Support Files/Pods-ToDoey/Pods-ToDoey.release.xcconfig"; sourceTree = "<group>"; };
		C16DA91781E75FBDEED3DAA9 /* Pods-ToDoey.debug.xcconfig */ = {isa = PBXFileReference; includeInIndex = 1; lastKnownFileType = text.xcconfig; name = "Pods-ToDoey.debug.xcconfig"; path = "Pods/Target Support Files/Pods-ToDoey/Pods-ToDoey.debug.xcconfig"; sourceTree = "<group>"; };
/* End PBXFileReference section */

/* Begin PBXFrameworksBuildPhase section */
		457471D52173255F00FFFD44 /* Frameworks */ = {
			isa = PBXFrameworksBuildPhase;
			buildActionMask = 2147483647;
			files = (
				3C2B9BB0CBBAE31862BB4F9F /* Pods_ToDoey.framework in Frameworks */,
			);
			runOnlyForDeploymentPostprocessing = 0;
		};
/* End PBXFrameworksBuildPhase section */

/* Begin PBXGroup section */
		0F0908877486E8B507577CC8 /* Pods */ = {
			isa = PBXGroup;
			children = (
				C16DA91781E75FBDEED3DAA9 /* Pods-ToDoey.debug.xcconfig */,
				AB31C30DDE3310F51F76B4D9 /* Pods-ToDoey.release.xcconfig */,
			);
			name = Pods;
			sourceTree = "<group>";
		};
		2F2BB08DCB2940A9EA064B9C /* Frameworks */ = {
			isa = PBXGroup;
			children = (
				3FCCFA643C2CF77AB95A193A /* Pods_ToDoey.framework */,
			);
			name = Frameworks;
			sourceTree = "<group>";
		};
		457471CF2173255F00FFFD44 = {
			isa = PBXGroup;
			children = (
				457471DA2173255F00FFFD44 /* ToDoey */,
				457471D92173255F00FFFD44 /* Products */,
				0F0908877486E8B507577CC8 /* Pods */,
				2F2BB08DCB2940A9EA064B9C /* Frameworks */,
			);
			sourceTree = "<group>";
		};
		457471D92173255F00FFFD44 /* Products */ = {
			isa = PBXGroup;
			children = (
				457471D82173255F00FFFD44 /* ToDoey.app */,
			);
			name = Products;
			sourceTree = "<group>";
		};
		457471DA2173255F00FFFD44 /* ToDoey */ = {
			isa = PBXGroup;
			children = (
				457471DB2173255F00FFFD44 /* AppDelegate.swift */,
				457471F02173AD6800FFFD44 /* Controllers */,
				457471EF2173AD4E00FFFD44 /* Data Model */,
				457471F12173AD7600FFFD44 /* Views */,
				457471F22173AD9B00FFFD44 /* Supporting Files */,
				457471E72173256200FFFD44 /* Info.plist */,
			);
			path = ToDoey;
			sourceTree = "<group>";
		};
		457471EF2173AD4E00FFFD44 /* Data Model */ = {
			isa = PBXGroup;
			children = (
				45D8B2BF2177CE2F007FE242 /* Item.swift */,
				45D8B2C12177CE97007FE242 /* Category.swift */,
			);
			path = "Data Model";
			sourceTree = "<group>";
		};
		457471F02173AD6800FFFD44 /* Controllers */ = {
			isa = PBXGroup;
			children = (
				45D8B2BB217776D4007FE242 /* CategoryViewController.swift */,
				457471DD2173255F00FFFD44 /* ToDoListViewController.swift */,
			);
			path = Controllers;
			sourceTree = "<group>";
		};
		457471F12173AD7600FFFD44 /* Views */ = {
			isa = PBXGroup;
			children = (
				457471DF2173255F00FFFD44 /* Main.storyboard */,
			);
			path = Views;
			sourceTree = "<group>";
		};
		457471F22173AD9B00FFFD44 /* Supporting Files */ = {
			isa = PBXGroup;
			children = (
				457471E22173256200FFFD44 /* Assets.xcassets */,
				457471E42173256200FFFD44 /* LaunchScreen.storyboard */,
			);
			path = "Supporting Files";
			sourceTree = "<group>";
		};
/* End PBXGroup section */

/* Begin PBXNativeTarget section */
		457471D72173255F00FFFD44 /* ToDoey */ = {
			isa = PBXNativeTarget;
			buildConfigurationList = 457471EA2173256200FFFD44 /* Build configuration list for PBXNativeTarget "ToDoey" */;
			buildPhases = (
				BF2748A8AFE3D6C37D922598 /* [CP] Check Pods Manifest.lock */,
				457471D42173255F00FFFD44 /* Sources */,
				457471D52173255F00FFFD44 /* Frameworks */,
				457471D62173255F00FFFD44 /* Resources */,
				3A97231CECFC56B7E6DAC6FE /* [CP] Embed Pods Frameworks */,
			);
			buildRules = (
			);
			dependencies = (
			);
			name = ToDoey;
			productName = ToDoey;
			productReference = 457471D82173255F00FFFD44 /* ToDoey.app */;
			productType = "com.apple.product-type.application";
		};
/* End PBXNativeTarget section */

/* Begin PBXProject section */
		457471D02173255F00FFFD44 /* Project object */ = {
			isa = PBXProject;
			attributes = {
				LastSwiftUpdateCheck = 1000;
				LastUpgradeCheck = 1000;
				ORGANIZATIONNAME = noy4;
				TargetAttributes = {
					457471D72173255F00FFFD44 = {
						CreatedOnToolsVersion = 10.0;
					};
				};
			};
			buildConfigurationList = 457471D32173255F00FFFD44 /* Build configuration list for PBXProject "ToDoey" */;
			compatibilityVersion = "Xcode 9.3";
			developmentRegion = en;
			hasScannedForEncodings = 0;
			knownRegions = (
				en,
				Base,
			);
			mainGroup = 457471CF2173255F00FFFD44;
			productRefGroup = 457471D92173255F00FFFD44 /* Products */;
			projectDirPath = "";
			projectRoot = "";
			targets = (
				457471D72173255F00FFFD44 /* ToDoey */,
			);
		};
/* End PBXProject section */

/* Begin PBXResourcesBuildPhase section */
		457471D62173255F00FFFD44 /* Resources */ = {
			isa = PBXResourcesBuildPhase;
			buildActionMask = 2147483647;
			files = (
				457471E62173256200FFFD44 /* LaunchScreen.storyboard in Resources */,
				457471E32173256200FFFD44 /* Assets.xcassets in Resources */,
				457471E12173255F00FFFD44 /* Main.storyboard in Resources */,
			);
			runOnlyForDeploymentPostprocessing = 0;
		};
/* End PBXResourcesBuildPhase section */

/* Begin PBXShellScriptBuildPhase section */
		3A97231CECFC56B7E6DAC6FE /* [CP] Embed Pods Frameworks */ = {
			isa = PBXShellScriptBuildPhase;
			buildActionMask = 2147483647;
			files = (
			);
			inputFileListPaths = (
			);
			inputPaths = (
				"${SRCROOT}/Pods/Target Support Files/Pods-ToDoey/Pods-ToDoey-frameworks.sh",
				"${BUILT_PRODUCTS_DIR}/Realm/Realm.framework",
				"${BUILT_PRODUCTS_DIR}/RealmSwift/RealmSwift.framework",
			);
			name = "[CP] Embed Pods Frameworks";
			outputFileListPaths = (
			);
			outputPaths = (
				"${TARGET_BUILD_DIR}/${FRAMEWORKS_FOLDER_PATH}/Realm.framework",
				"${TARGET_BUILD_DIR}/${FRAMEWORKS_FOLDER_PATH}/RealmSwift.framework",
			);
			runOnlyForDeploymentPostprocessing = 0;
			shellPath = /bin/sh;
			shellScript = "\"${SRCROOT}/Pods/Target Support Files/Pods-ToDoey/Pods-ToDoey-frameworks.sh\"\n";
			showEnvVarsInLog = 0;
		};
		BF2748A8AFE3D6C37D922598 /* [CP] Check Pods Manifest.lock */ = {
			isa = PBXShellScriptBuildPhase;
			buildActionMask = 2147483647;
			files = (
			);
			inputFileListPaths = (
			);
			inputPaths = (
				"${PODS_PODFILE_DIR_PATH}/Podfile.lock",
				"${PODS_ROOT}/Manifest.lock",
			);
			name = "[CP] Check Pods Manifest.lock";
			outputFileListPaths = (
			);
			outputPaths = (
				"$(DERIVED_FILE_DIR)/Pods-ToDoey-checkManifestLockResult.txt",
			);
			runOnlyForDeploymentPostprocessing = 0;
			shellPath = /bin/sh;
			shellScript = "diff \"${PODS_PODFILE_DIR_PATH}/Podfile.lock\" \"${PODS_ROOT}/Manifest.lock\" > /dev/null\nif [ $? != 0 ] ; then\n    # print error to STDERR\n    echo \"error: The sandbox is not in sync with the Podfile.lock. Run 'pod install' or update your CocoaPods installation.\" >&2\n    exit 1\nfi\n# This output is used by Xcode 'outputs' to avoid re-running this script phase.\necho \"SUCCESS\" > \"${SCRIPT_OUTPUT_FILE_0}\"\n";
			showEnvVarsInLog = 0;
		};
/* End PBXShellScriptBuildPhase section */

/* Begin PBXSourcesBuildPhase section */
		457471D42173255F00FFFD44 /* Sources */ = {
			isa = PBXSourcesBuildPhase;
			buildActionMask = 2147483647;
			files = (
				45D8B2C02177CE2F007FE242 /* Item.swift in Sources */,
				45D8B2BC217776D4007FE242 /* CategoryViewController.swift in Sources */,
				457471DE2173255F00FFFD44 /* ToDoListViewController.swift in Sources */,
				457471DC2173255F00FFFD44 /* AppDelegate.swift in Sources */,
				45D8B2C22177CE97007FE242 /* Category.swift in Sources */,
			);
			runOnlyForDeploymentPostprocessing = 0;
		};
/* End PBXSourcesBuildPhase section */

/* Begin PBXVariantGroup section */
		457471DF2173255F00FFFD44 /* Main.storyboard */ = {
			isa = PBXVariantGroup;
			children = (
				457471E02173255F00FFFD44 /* Base */,
			);
			name = Main.storyboard;
			sourceTree = "<group>";
		};
		457471E42173256200FFFD44 /* LaunchScreen.storyboard */ = {
			isa = PBXVariantGroup;
			children = (
				457471E52173256200FFFD44 /* Base */,
			);
			name = LaunchScreen.storyboard;
			sourceTree = "<group>";
		};
/* End PBXVariantGroup section */

/* Begin XCBuildConfiguration section */
		457471E82173256200FFFD44 /* Debug */ = {
			isa = XCBuildConfiguration;
			buildSettings = {
				ALWAYS_SEARCH_USER_PATHS = NO;
				CLANG_ANALYZER_NONNULL = YES;
				CLANG_ANALYZER_NUMBER_OBJECT_CONVERSION = YES_AGGRESSIVE;
				CLANG_CXX_LANGUAGE_STANDARD = "gnu++14";
				CLANG_CXX_LIBRARY = "libc++";
				CLANG_ENABLE_MODULES = YES;
				CLANG_ENABLE_OBJC_ARC = YES;
				CLANG_ENABLE_OBJC_WEAK = YES;
				CLANG_WARN_BLOCK_CAPTURE_AUTORELEASING = YES;
				CLANG_WARN_BOOL_CONVERSION = YES;
				CLANG_WARN_COMMA = YES;
				CLANG_WARN_CONSTANT_CONVERSION = YES;
				CLANG_WARN_DEPRECATED_OBJC_IMPLEMENTATIONS = YES;
				CLANG_WARN_DIRECT_OBJC_ISA_USAGE = YES_ERROR;
				CLANG_WARN_DOCUMENTATION_COMMENTS = YES;
				CLANG_WARN_EMPTY_BODY = YES;
				CLANG_WARN_ENUM_CONVERSION = YES;
				CLANG_WARN_INFINITE_RECURSION = YES;
				CLANG_WARN_INT_CONVERSION = YES;
				CLANG_WARN_NON_LITERAL_NULL_CONVERSION = YES;
				CLANG_WARN_OBJC_IMPLICIT_RETAIN_SELF = YES;
				CLANG_WARN_OBJC_LITERAL_CONVERSION = YES;
				CLANG_WARN_OBJC_ROOT_CLASS = YES_ERROR;
				CLANG_WARN_RANGE_LOOP_ANALYSIS = YES;
				CLANG_WARN_STRICT_PROTOTYPES = YES;
				CLANG_WARN_SUSPICIOUS_MOVE = YES;
				CLANG_WARN_UNGUARDED_AVAILABILITY = YES_AGGRESSIVE;
				CLANG_WARN_UNREACHABLE_CODE = YES;
				CLANG_WARN__DUPLICATE_METHOD_MATCH = YES;
				CODE_SIGN_IDENTITY = "iPhone Developer";
				COPY_PHASE_STRIP = NO;
				DEBUG_INFORMATION_FORMAT = dwarf;
				ENABLE_STRICT_OBJC_MSGSEND = YES;
				ENABLE_TESTABILITY = YES;
				GCC_C_LANGUAGE_STANDARD = gnu11;
				GCC_DYNAMIC_NO_PIC = NO;
				GCC_NO_COMMON_BLOCKS = YES;
				GCC_OPTIMIZATION_LEVEL = 0;
				GCC_PREPROCESSOR_DEFINITIONS = (
					"DEBUG=1",
					"$(inherited)",
				);
				GCC_WARN_64_TO_32_BIT_CONVERSION = YES;
				GCC_WARN_ABOUT_RETURN_TYPE = YES_ERROR;
				GCC_WARN_UNDECLARED_SELECTOR = YES;
				GCC_WARN_UNINITIALIZED_AUTOS = YES_AGGRESSIVE;
				GCC_WARN_UNUSED_FUNCTION = YES;
				GCC_WARN_UNUSED_VARIABLE = YES;
				IPHONEOS_DEPLOYMENT_TARGET = 12.0;
				MTL_ENABLE_DEBUG_INFO = INCLUDE_SOURCE;
				MTL_FAST_MATH = YES;
				ONLY_ACTIVE_ARCH = YES;
				SDKROOT = iphoneos;
				SWIFT_ACTIVE_COMPILATION_CONDITIONS = DEBUG;
				SWIFT_OPTIMIZATION_LEVEL = "-Onone";
			};
			name = Debug;
		};
		457471E92173256200FFFD44 /* Release */ = {
			isa = XCBuildConfiguration;
			buildSettings = {
				ALWAYS_SEARCH_USER_PATHS = NO;
				CLANG_ANALYZER_NONNULL = YES;
				CLANG_ANALYZER_NUMBER_OBJECT_CONVERSION = YES_AGGRESSIVE;
				CLANG_CXX_LANGUAGE_STANDARD = "gnu++14";
				CLANG_CXX_LIBRARY = "libc++";
				CLANG_ENABLE_MODULES = YES;
				CLANG_ENABLE_OBJC_ARC = YES;
				CLANG_ENABLE_OBJC_WEAK = YES;
				CLANG_WARN_BLOCK_CAPTURE_AUTORELEASING = YES;
				CLANG_WARN_BOOL_CONVERSION = YES;
				CLANG_WARN_COMMA = YES;
				CLANG_WARN_CONSTANT_CONVERSION = YES;
				CLANG_WARN_DEPRECATED_OBJC_IMPLEMENTATIONS = YES;
				CLANG_WARN_DIRECT_OBJC_ISA_USAGE = YES_ERROR;
				CLANG_WARN_DOCUMENTATION_COMMENTS = YES;
				CLANG_WARN_EMPTY_BODY = YES;
				CLANG_WARN_ENUM_CONVERSION = YES;
				CLANG_WARN_INFINITE_RECURSION = YES;
				CLANG_WARN_INT_CONVERSION = YES;
				CLANG_WARN_NON_LITERAL_NULL_CONVERSION = YES;
				CLANG_WARN_OBJC_IMPLICIT_RETAIN_SELF = YES;
				CLANG_WARN_OBJC_LITERAL_CONVERSION = YES;
				CLANG_WARN_OBJC_ROOT_CLASS = YES_ERROR;
				CLANG_WARN_RANGE_LOOP_ANALYSIS = YES;
				CLANG_WARN_STRICT_PROTOTYPES = YES;
				CLANG_WARN_SUSPICIOUS_MOVE = YES;
				CLANG_WARN_UNGUARDED_AVAILABILITY = YES_AGGRESSIVE;
				CLANG_WARN_UNREACHABLE_CODE = YES;
				CLANG_WARN__DUPLICATE_METHOD_MATCH = YES;
				CODE_SIGN_IDENTITY = "iPhone Developer";
				COPY_PHASE_STRIP = NO;
				DEBUG_INFORMATION_FORMAT = "dwarf-with-dsym";
				ENABLE_NS_ASSERTIONS = NO;
				ENABLE_STRICT_OBJC_MSGSEND = YES;
				GCC_C_LANGUAGE_STANDARD = gnu11;
				GCC_NO_COMMON_BLOCKS = YES;
				GCC_WARN_64_TO_32_BIT_CONVERSION = YES;
				GCC_WARN_ABOUT_RETURN_TYPE = YES_ERROR;
				GCC_WARN_UNDECLARED_SELECTOR = YES;
				GCC_WARN_UNINITIALIZED_AUTOS = YES_AGGRESSIVE;
				GCC_WARN_UNUSED_FUNCTION = YES;
				GCC_WARN_UNUSED_VARIABLE = YES;
				IPHONEOS_DEPLOYMENT_TARGET = 12.0;
				MTL_ENABLE_DEBUG_INFO = NO;
				MTL_FAST_MATH = YES;
				SDKROOT = iphoneos;
				SWIFT_COMPILATION_MODE = wholemodule;
				SWIFT_OPTIMIZATION_LEVEL = "-O";
				VALIDATE_PRODUCT = YES;
			};
			name = Release;
		};
		457471EB2173256200FFFD44 /* Debug */ = {
			isa = XCBuildConfiguration;
			baseConfigurationReference = C16DA91781E75FBDEED3DAA9 /* Pods-ToDoey.debug.xcconfig */;
			buildSettings = {
				ASSETCATALOG_COMPILER_APPICON_NAME = AppIcon;
				CODE_SIGN_STYLE = Automatic;
				INFOPLIST_FILE = ToDoey/Info.plist;
				LD_RUNPATH_SEARCH_PATHS = (
					"$(inherited)",
					"@executable_path/Frameworks",
				);
				PRODUCT_BUNDLE_IDENTIFIER = com.noy4.ToDoey;
				PRODUCT_NAME = "$(TARGET_NAME)";
				SWIFT_VERSION = 4.2;
				TARGETED_DEVICE_FAMILY = "1,2";
			};
			name = Debug;
		};
		457471EC2173256200FFFD44 /* Release */ = {
			isa = XCBuildConfiguration;
			baseConfigurationReference = AB31C30DDE3310F51F76B4D9 /* Pods-ToDoey.release.xcconfig */;
			buildSettings = {
				ASSETCATALOG_COMPILER_APPICON_NAME = AppIcon;
				CODE_SIGN_STYLE = Automatic;
				INFOPLIST_FILE = ToDoey/Info.plist;
				LD_RUNPATH_SEARCH_PATHS = (
					"$(inherited)",
					"@executable_path/Frameworks",
				);
				PRODUCT_BUNDLE_IDENTIFIER = com.noy4.ToDoey;
				PRODUCT_NAME = "$(TARGET_NAME)";
				SWIFT_VERSION = 4.2;
				TARGETED_DEVICE_FAMILY = "1,2";
			};
			name = Release;
		};
/* End XCBuildConfiguration section */

/* Begin XCConfigurationList section */
		457471D32173255F00FFFD44 /* Build configuration list for PBXProject "ToDoey" */ = {
			isa = XCConfigurationList;
			buildConfigurations = (
				457471E82173256200FFFD44 /* Debug */,
				457471E92173256200FFFD44 /* Release */,
			);
			defaultConfigurationIsVisible = 0;
			defaultConfigurationName = Release;
		};
		457471EA2173256200FFFD44 /* Build configuration list for PBXNativeTarget "ToDoey" */ = {
			isa = XCConfigurationList;
			buildConfigurations = (
				457471EB2173256200FFFD44 /* Debug */,
				457471EC2173256200FFFD44 /* Release */,
			);
			defaultConfigurationIsVisible = 0;
			defaultConfigurationName = Release;
		};
/* End XCConfigurationList section */
	};
	rootObject = 457471D02173255F00FFFD44 /* Project object */;
}
